
Microsoft Visual Studio Solution File, Format Version 12.00
# Visual Studio Version 17
VisualStudioVersion = 17.13.35931.197 d17.13
MinimumVisualStudioVersion = 10.0.40219.1
Project("{FAE04EC0-301F-11D3-BF4B-00C04F79EFBC}") = "EFCoreQueryLab.API", "EFCoreQueryLab.API\EFCoreQueryLab.API.csproj", "{D9F513BC-1ADB-428E-B554-80B636DD7FB4}"
EndProject
Project("{FAE04EC0-301F-11D3-BF4B-00C04F79EFBC}") = "EFCoreQueryLab.Domain", "EFCoreQueryLab.Domain\EFCoreQueryLab.Domain.csproj", "{A5CF81E3-9D11-4846-8123-5523170A4487}"
EndProject
Project("{FAE04EC0-301F-11D3-BF4B-00C04F79EFBC}") = "EFCoreQueryLab.Infrastructure", "EFCoreQueryLab.Infrastructure\EFCoreQueryLab.Infrastructure.csproj", "{4C474A9E-0E4A-4889-A5E3-24C545B3E08F}"
EndProject
Global
	GlobalSection(SolutionConfigurationPlatforms) = preSolution
		Debug|Any CPU = Debug|Any CPU
		Release|Any CPU = Release|Any CPU
	EndGlobalSection
	GlobalSection(ProjectConfigurationPlatforms) = postSolution
		{D9F513BC-1ADB-428E-B554-80B636DD7FB4}.Debug|Any CPU.ActiveCfg = Debug|Any CPU
		{D9F513BC-1ADB-428E-B554-80B636DD7FB4}.Debug|Any CPU.Build.0 = Debug|Any CPU
		{D9F513BC-1ADB-428E-B554-80B636DD7FB4}.Release|Any CPU.ActiveCfg = Release|Any CPU
		{D9F513BC-1ADB-428E-B554-80B636DD7FB4}.Release|Any CPU.Build.0 = Release|Any CPU
		{A5CF81E3-9D11-4846-8123-5523170A4487}.Debug|Any CPU.ActiveCfg = Debug|Any CPU
		{A5CF81E3-9D11-4846-8123-5523170A4487}.Debug|Any CPU.Build.0 = Debug|Any CPU
		{A5CF81E3-9D11-4846-8123-5523170A4487}.Release|Any CPU.ActiveCfg = Release|Any CPU
		{A5CF81E3-9D11-4846-8123-5523170A4487}.Release|Any CPU.Build.0 = Release|Any CPU
		{4C474A9E-0E4A-4889-A5E3-24C545B3E08F}.Debug|Any CPU.ActiveCfg = Debug|Any CPU
		{4C474A9E-0E4A-4889-A5E3-24C545B3E08F}.Debug|Any CPU.Build.0 = Debug|Any CPU
		{4C474A9E-0E4A-4889-A5E3-24C545B3E08F}.Release|Any CPU.ActiveCfg = Release|Any CPU
		{4C474A9E-0E4A-4889-A5E3-24C545B3E08F}.Release|Any CPU.Build.0 = Release|Any CPU
	EndGlobalSection
	GlobalSection(SolutionProperties) = preSolution
		HideSolutionNode = FALSE
	EndGlobalSection
	GlobalSection(ExtensibilityGlobals) = postSolution
		SolutionGuid = {420E2134-FFB3-4572-A812-B21973FD0510}
	EndGlobalSection
EndGlobal
